
Microsoft Visual Studio Solution File, Format Version 12.00
# Visual Studio Version 17
VisualStudioVersion = 17.12.35527.113
MinimumVisualStudioVersion = 10.0.40219.1
Project("{2150E333-8FDC-42A3-9474-1A3956D46DE8}") = "Solution Items", "Solution Items", "{223DE851-5A50-4D28-A633-2F469BE9BC90}"
	ProjectSection(SolutionItems) = preProject
		.editorconfig = .editorconfig
	EndProjectSection
EndProject
Project("{FAE04EC0-301F-11D3-BF4B-00C04F79EFBC}") = "CallCenterPOC-App", "CallCenterPOC-App\CallCenterPOC-App.csproj", "{2E21615E-2741-46A0-BBE3-E0407906627C}"
EndProject
Project("{FAE04EC0-301F-11D3-BF4B-00C04F79EFBC}") = "ContactCenterPOC-API", "ContactCenterPOC-API\ContactCenterPOC-API.csproj", "{F23520BB-B68E-4BAE-9C38-5DA2017EADEE}"
EndProject
Project("{FAE04EC0-301F-11D3-BF4B-00C04F79EFBC}") = "RHB-Client-Test", "RHB-Client-Test\RHB-Client-Test.csproj", "{8A001AA6-5A32-4FE8-89D6-DFD81E10A96F}"
EndProject
Project("{FAE04EC0-301F-11D3-BF4B-00C04F79EFBC}") = "ContactCenterPOC-API-v2", "ContactCenterPOC-API - v2\ContactCenterPOC-API-v2.csproj", "{1E597269-20D1-A58A-4A7A-0D103ED02975}"
EndProject
Global
	GlobalSection(SolutionConfigurationPlatforms) = preSolution
		Debug|Any CPU = Debug|Any CPU
		Release|Any CPU = Release|Any CPU
	EndGlobalSection
	GlobalSection(ProjectConfigurationPlatforms) = postSolution
		{2E21615E-2741-46A0-BBE3-E0407906627C}.Debug|Any CPU.ActiveCfg = Debug|Any CPU
		{2E21615E-2741-46A0-BBE3-E0407906627C}.Debug|Any CPU.Build.0 = Debug|Any CPU
		{2E21615E-2741-46A0-BBE3-E0407906627C}.Release|Any CPU.ActiveCfg = Release|Any CPU
		{2E21615E-2741-46A0-BBE3-E0407906627C}.Release|Any CPU.Build.0 = Release|Any CPU
		{F23520BB-B68E-4BAE-9C38-5DA2017EADEE}.Debug|Any CPU.ActiveCfg = Debug|Any CPU
		{F23520BB-B68E-4BAE-9C38-5DA2017EADEE}.Debug|Any CPU.Build.0 = Debug|Any CPU
		{F23520BB-B68E-4BAE-9C38-5DA2017EADEE}.Release|Any CPU.ActiveCfg = Release|Any CPU
		{F23520BB-B68E-4BAE-9C38-5DA2017EADEE}.Release|Any CPU.Build.0 = Release|Any CPU
		{8A001AA6-5A32-4FE8-89D6-DFD81E10A96F}.Debug|Any CPU.ActiveCfg = Debug|Any CPU
		{8A001AA6-5A32-4FE8-89D6-DFD81E10A96F}.Debug|Any CPU.Build.0 = Debug|Any CPU
		{8A001AA6-5A32-4FE8-89D6-DFD81E10A96F}.Release|Any CPU.ActiveCfg = Release|Any CPU
		{8A001AA6-5A32-4FE8-89D6-DFD81E10A96F}.Release|Any CPU.Build.0 = Release|Any CPU
		{1E597269-20D1-A58A-4A7A-0D103ED02975}.Debug|Any CPU.ActiveCfg = Debug|Any CPU
		{1E597269-20D1-A58A-4A7A-0D103ED02975}.Debug|Any CPU.Build.0 = Debug|Any CPU
		{1E597269-20D1-A58A-4A7A-0D103ED02975}.Release|Any CPU.ActiveCfg = Release|Any CPU
		{1E597269-20D1-A58A-4A7A-0D103ED02975}.Release|Any CPU.Build.0 = Release|Any CPU
	EndGlobalSection
	GlobalSection(SolutionProperties) = preSolution
		HideSolutionNode = FALSE
	EndGlobalSection
	GlobalSection(ExtensibilityGlobals) = postSolution
		SolutionGuid = {3373A5C2-6FCF-49C3-80F4-DA0506A4C2D4}
	EndGlobalSection
EndGlobal
